
Microsoft Visual Studio Solution File, Format Version 12.00
# Visual Studio Version 17
VisualStudioVersion = 17.8.34330.188
MinimumVisualStudioVersion = 10.0.40219.1
Project("{FAE04EC0-301F-11D3-BF4B-00C04F79EFBC}") = "ConsoleApp1", "ConsoleApp1.csproj", "{50264F8C-0498-4AB8-A265-2206A1829EFF}"
EndProject
Project("{2150E333-8FDC-42A3-9474-1A3956D46DE8}") = "Solution Items", "Solution Items", "{45BA1582-11EE-4A66-A320-51319EE89366}"
	ProjectSection(SolutionItems) = preProject
		Interface1 = Interface1
	EndProjectSection
EndProject
Global
	GlobalSection(SolutionConfigurationPlatforms) = preSolution
		Debug|Any CPU = Debug|Any CPU
		Release|Any CPU = Release|Any CPU
	EndGlobalSection
	GlobalSection(ProjectConfigurationPlatforms) = postSolution
		{50264F8C-0498-4AB8-A265-2206A1829EFF}.Debug|Any CPU.ActiveCfg = Debug|Any CPU
		{50264F8C-0498-4AB8-A265-2206A1829EFF}.Debug|Any CPU.Build.0 = Debug|Any CPU
		{50264F8C-0498-4AB8-A265-2206A1829EFF}.Release|Any CPU.ActiveCfg = Release|Any CPU
		{50264F8C-0498-4AB8-A265-2206A1829EFF}.Release|Any CPU.Build.0 = Release|Any CPU
	EndGlobalSection
	GlobalSection(SolutionProperties) = preSolution
		HideSolutionNode = FALSE
	EndGlobalSection
	GlobalSection(ExtensibilityGlobals) = postSolution
		SolutionGuid = {FE768E0F-AE06-4363-B5E6-4A3887CA2509}
	EndGlobalSection
EndGlobal
